
Microsoft Visual Studio Solution File, Format Version 11.00
# Visual Studio 2010
Project("{FAE04EC0-301F-11D3-BF4B-00C04F79EFBC}") = "Helpers.Net.ConfigurationDotNet20", "DotNet20\Helpers.Net.ConfigurationDotNet20.csproj", "{3FC68B3B-59BF-4A38-8CF1-C996E74BAB0F}"
EndProject
Project("{FAE04EC0-301F-11D3-BF4B-00C04F79EFBC}") = "Helpers.Net.Configuration", "Helpers.Net.Configuration\Helpers.Net.Configuration.csproj", "{AF6BF1BC-A157-4022-A9AD-D870740EBACD}"
EndProject
Global
	GlobalSection(SolutionConfigurationPlatforms) = preSolution
		Debug|Any CPU = Debug|Any CPU
		Release|Any CPU = Release|Any CPU
	EndGlobalSection
	GlobalSection(ProjectConfigurationPlatforms) = postSolution
		{3FC68B3B-59BF-4A38-8CF1-C996E74BAB0F}.Debug|Any CPU.ActiveCfg = Debug|Any CPU
		{3FC68B3B-59BF-4A38-8CF1-C996E74BAB0F}.Debug|Any CPU.Build.0 = Debug|Any CPU
		{3FC68B3B-59BF-4A38-8CF1-C996E74BAB0F}.Release|Any CPU.ActiveCfg = Release|Any CPU
		{3FC68B3B-59BF-4A38-8CF1-C996E74BAB0F}.Release|Any CPU.Build.0 = Release|Any CPU
		{AF6BF1BC-A157-4022-A9AD-D870740EBACD}.Debug|Any CPU.ActiveCfg = Debug|Any CPU
		{AF6BF1BC-A157-4022-A9AD-D870740EBACD}.Debug|Any CPU.Build.0 = Debug|Any CPU
		{AF6BF1BC-A157-4022-A9AD-D870740EBACD}.Release|Any CPU.ActiveCfg = Release|Any CPU
		{AF6BF1BC-A157-4022-A9AD-D870740EBACD}.Release|Any CPU.Build.0 = Release|Any CPU
	EndGlobalSection
	GlobalSection(SolutionProperties) = preSolution
		HideSolutionNode = FALSE
	EndGlobalSection
EndGlobal
