
Microsoft Visual Studio Solution File, Format Version 11.00
# Visual Studio 2010
Project("{FAE04EC0-301F-11D3-BF4B-00C04F79EFBC}") = "Helpers.Net.Configuration", "Helpers.Net.Configuration\Helpers.Net.Configuration.csproj", "{A98D67CA-97FB-497A-8E85-152287C0BFD2}"
EndProject
Global
	GlobalSection(SolutionConfigurationPlatforms) = preSolution
		Debug|Any CPU = Debug|Any CPU
		Release|Any CPU = Release|Any CPU
	EndGlobalSection
	GlobalSection(ProjectConfigurationPlatforms) = postSolution
		{A98D67CA-97FB-497A-8E85-152287C0BFD2}.Debug|Any CPU.ActiveCfg = Debug| .NET 4.0 Client Profile
		{A98D67CA-97FB-497A-8E85-152287C0BFD2}.Debug|Any CPU.Build.0 = Debug| .NET 4.0 Client Profile
		{A98D67CA-97FB-497A-8E85-152287C0BFD2}.Release|Any CPU.ActiveCfg = Release| .NET 4.0 Client Profile
	EndGlobalSection
	GlobalSection(SolutionProperties) = preSolution
		HideSolutionNode = FALSE
	EndGlobalSection
EndGlobal
